
Microsoft Visual Studio Solution File, Format Version 12.00
# Visual Studio Version 16
VisualStudioVersion = 16.0.31515.178
MinimumVisualStudioVersion = 10.0.40219.1
Project("{9A19103F-16F7-4668-BE54-9A1E7A4F7556}") = "ILDevelopSamples.ConsoleApp", "ILDevelopSamples.ConsoleApp\ILDevelopSamples.ConsoleApp.csproj", "{489248EC-7CE4-4D60-B0A2-1924A076BFBE}"
EndProject
Project("{9A19103F-16F7-4668-BE54-9A1E7A4F7556}") = "ILDevelopSamples.ILProject", "ILDevelopSamples.ILProject\ILDevelopSamples.ILProject.ilproj", "{FAC46402-FA50-43D7-8EDD-B049AB1E479D}"
EndProject
Project("{FAE04EC0-301F-11D3-BF4B-00C04F79EFBC}") = "ILDevelopSamples.ILMixed", "ILDevelopSamples.ILMixed\ILDevelopSamples.ILMixed.csproj", "{EB20B0E5-36EB-4DA8-BED6-8EDB5DFAACB4}"
EndProject
Project("{FAE04EC0-301F-11D3-BF4B-00C04F79EFBC}") = "ILDevelopSamples.Fody", "ILDevelopSamples.Fody\ILDevelopSamples.Fody.csproj", "{141B8D58-7179-4C28-81D1-3C4FE3B4B3C7}"
EndProject
Global
	GlobalSection(SolutionConfigurationPlatforms) = preSolution
		Debug|Any CPU = Debug|Any CPU
		Release|Any CPU = Release|Any CPU
	EndGlobalSection
	GlobalSection(ProjectConfigurationPlatforms) = postSolution
		{489248EC-7CE4-4D60-B0A2-1924A076BFBE}.Debug|Any CPU.ActiveCfg = Debug|Any CPU
		{489248EC-7CE4-4D60-B0A2-1924A076BFBE}.Debug|Any CPU.Build.0 = Debug|Any CPU
		{489248EC-7CE4-4D60-B0A2-1924A076BFBE}.Release|Any CPU.ActiveCfg = Release|Any CPU
		{489248EC-7CE4-4D60-B0A2-1924A076BFBE}.Release|Any CPU.Build.0 = Release|Any CPU
		{FAC46402-FA50-43D7-8EDD-B049AB1E479D}.Debug|Any CPU.ActiveCfg = Debug|Any CPU
		{FAC46402-FA50-43D7-8EDD-B049AB1E479D}.Debug|Any CPU.Build.0 = Debug|Any CPU
		{FAC46402-FA50-43D7-8EDD-B049AB1E479D}.Release|Any CPU.ActiveCfg = Release|Any CPU
		{FAC46402-FA50-43D7-8EDD-B049AB1E479D}.Release|Any CPU.Build.0 = Release|Any CPU
		{EB20B0E5-36EB-4DA8-BED6-8EDB5DFAACB4}.Debug|Any CPU.ActiveCfg = Debug|Any CPU
		{EB20B0E5-36EB-4DA8-BED6-8EDB5DFAACB4}.Debug|Any CPU.Build.0 = Debug|Any CPU
		{EB20B0E5-36EB-4DA8-BED6-8EDB5DFAACB4}.Release|Any CPU.ActiveCfg = Release|Any CPU
		{EB20B0E5-36EB-4DA8-BED6-8EDB5DFAACB4}.Release|Any CPU.Build.0 = Release|Any CPU
		{141B8D58-7179-4C28-81D1-3C4FE3B4B3C7}.Debug|Any CPU.ActiveCfg = Debug|Any CPU
		{141B8D58-7179-4C28-81D1-3C4FE3B4B3C7}.Debug|Any CPU.Build.0 = Debug|Any CPU
		{141B8D58-7179-4C28-81D1-3C4FE3B4B3C7}.Release|Any CPU.ActiveCfg = Release|Any CPU
		{141B8D58-7179-4C28-81D1-3C4FE3B4B3C7}.Release|Any CPU.Build.0 = Release|Any CPU
	EndGlobalSection
	GlobalSection(SolutionProperties) = preSolution
		HideSolutionNode = FALSE
	EndGlobalSection
	GlobalSection(ExtensibilityGlobals) = postSolution
		SolutionGuid = {7230F14F-3406-4264-A486-3BE222583A8F}
	EndGlobalSection
EndGlobal
